
Microsoft Visual Studio Solution File, Format Version 12.00
# Visual Studio Version 16
VisualStudioVersion = 16.0.30114.105
MinimumVisualStudioVersion = 10.0.40219.1
Project("{FAE04EC0-301F-11D3-BF4B-00C04F79EFBC}") = "Application", "Application\Application.csproj", "{C7962CF3-700B-4691-BFE6-324733656C70}"
EndProject
Project("{FAE04EC0-301F-11D3-BF4B-00C04F79EFBC}") = "Persistence", "Persistence\Persistence.csproj", "{0CC010BE-6C6D-4A04-ADA1-8A0D06F6F91A}"
EndProject
Project("{FAE04EC0-301F-11D3-BF4B-00C04F79EFBC}") = "Domain", "Domain\Domain.csproj", "{CD1E6E7E-738B-482C-9704-46C4310B9EA4}"
EndProject
Project("{FAE04EC0-301F-11D3-BF4B-00C04F79EFBC}") = "API", "API\API.csproj", "{3E6F61E0-30C2-47F1-98F8-CF2D91AE1D08}"
EndProject
Global
	GlobalSection(SolutionConfigurationPlatforms) = preSolution
		Debug|Any CPU = Debug|Any CPU
		Debug|x64 = Debug|x64
		Debug|x86 = Debug|x86
		Release|Any CPU = Release|Any CPU
		Release|x64 = Release|x64
		Release|x86 = Release|x86
	EndGlobalSection
	GlobalSection(SolutionProperties) = preSolution
		HideSolutionNode = FALSE
	EndGlobalSection
	GlobalSection(ProjectConfigurationPlatforms) = postSolution
		{C7962CF3-700B-4691-BFE6-324733656C70}.Debug|Any CPU.ActiveCfg = Debug|Any CPU
		{C7962CF3-700B-4691-BFE6-324733656C70}.Debug|Any CPU.Build.0 = Debug|Any CPU
		{C7962CF3-700B-4691-BFE6-324733656C70}.Debug|x64.ActiveCfg = Debug|Any CPU
		{C7962CF3-700B-4691-BFE6-324733656C70}.Debug|x64.Build.0 = Debug|Any CPU
		{C7962CF3-700B-4691-BFE6-324733656C70}.Debug|x86.ActiveCfg = Debug|Any CPU
		{C7962CF3-700B-4691-BFE6-324733656C70}.Debug|x86.Build.0 = Debug|Any CPU
		{C7962CF3-700B-4691-BFE6-324733656C70}.Release|Any CPU.ActiveCfg = Release|Any CPU
		{C7962CF3-700B-4691-BFE6-324733656C70}.Release|Any CPU.Build.0 = Release|Any CPU
		{C7962CF3-700B-4691-BFE6-324733656C70}.Release|x64.ActiveCfg = Release|Any CPU
		{C7962CF3-700B-4691-BFE6-324733656C70}.Release|x64.Build.0 = Release|Any CPU
		{C7962CF3-700B-4691-BFE6-324733656C70}.Release|x86.ActiveCfg = Release|Any CPU
		{C7962CF3-700B-4691-BFE6-324733656C70}.Release|x86.Build.0 = Release|Any CPU
		{0CC010BE-6C6D-4A04-ADA1-8A0D06F6F91A}.Debug|Any CPU.ActiveCfg = Debug|Any CPU
		{0CC010BE-6C6D-4A04-ADA1-8A0D06F6F91A}.Debug|Any CPU.Build.0 = Debug|Any CPU
		{0CC010BE-6C6D-4A04-ADA1-8A0D06F6F91A}.Debug|x64.ActiveCfg = Debug|Any CPU
		{0CC010BE-6C6D-4A04-ADA1-8A0D06F6F91A}.Debug|x64.Build.0 = Debug|Any CPU
		{0CC010BE-6C6D-4A04-ADA1-8A0D06F6F91A}.Debug|x86.ActiveCfg = Debug|Any CPU
		{0CC010BE-6C6D-4A04-ADA1-8A0D06F6F91A}.Debug|x86.Build.0 = Debug|Any CPU
		{0CC010BE-6C6D-4A04-ADA1-8A0D06F6F91A}.Release|Any CPU.ActiveCfg = Release|Any CPU
		{0CC010BE-6C6D-4A04-ADA1-8A0D06F6F91A}.Release|Any CPU.Build.0 = Release|Any CPU
		{0CC010BE-6C6D-4A04-ADA1-8A0D06F6F91A}.Release|x64.ActiveCfg = Release|Any CPU
		{0CC010BE-6C6D-4A04-ADA1-8A0D06F6F91A}.Release|x64.Build.0 = Release|Any CPU
		{0CC010BE-6C6D-4A04-ADA1-8A0D06F6F91A}.Release|x86.ActiveCfg = Release|Any CPU
		{0CC010BE-6C6D-4A04-ADA1-8A0D06F6F91A}.Release|x86.Build.0 = Release|Any CPU
		{CD1E6E7E-738B-482C-9704-46C4310B9EA4}.Debug|Any CPU.ActiveCfg = Debug|Any CPU
		{CD1E6E7E-738B-482C-9704-46C4310B9EA4}.Debug|Any CPU.Build.0 = Debug|Any CPU
		{CD1E6E7E-738B-482C-9704-46C4310B9EA4}.Debug|x64.ActiveCfg = Debug|Any CPU
		{CD1E6E7E-738B-482C-9704-46C4310B9EA4}.Debug|x64.Build.0 = Debug|Any CPU
		{CD1E6E7E-738B-482C-9704-46C4310B9EA4}.Debug|x86.ActiveCfg = Debug|Any CPU
		{CD1E6E7E-738B-482C-9704-46C4310B9EA4}.Debug|x86.Build.0 = Debug|Any CPU
		{CD1E6E7E-738B-482C-9704-46C4310B9EA4}.Release|Any CPU.ActiveCfg = Release|Any CPU
		{CD1E6E7E-738B-482C-9704-46C4310B9EA4}.Release|Any CPU.Build.0 = Release|Any CPU
		{CD1E6E7E-738B-482C-9704-46C4310B9EA4}.Release|x64.ActiveCfg = Release|Any CPU
		{CD1E6E7E-738B-482C-9704-46C4310B9EA4}.Release|x64.Build.0 = Release|Any CPU
		{CD1E6E7E-738B-482C-9704-46C4310B9EA4}.Release|x86.ActiveCfg = Release|Any CPU
		{CD1E6E7E-738B-482C-9704-46C4310B9EA4}.Release|x86.Build.0 = Release|Any CPU
		{3E6F61E0-30C2-47F1-98F8-CF2D91AE1D08}.Debug|Any CPU.ActiveCfg = Debug|Any CPU
		{3E6F61E0-30C2-47F1-98F8-CF2D91AE1D08}.Debug|Any CPU.Build.0 = Debug|Any CPU
		{3E6F61E0-30C2-47F1-98F8-CF2D91AE1D08}.Debug|x64.ActiveCfg = Debug|Any CPU
		{3E6F61E0-30C2-47F1-98F8-CF2D91AE1D08}.Debug|x64.Build.0 = Debug|Any CPU
		{3E6F61E0-30C2-47F1-98F8-CF2D91AE1D08}.Debug|x86.ActiveCfg = Debug|Any CPU
		{3E6F61E0-30C2-47F1-98F8-CF2D91AE1D08}.Debug|x86.Build.0 = Debug|Any CPU
		{3E6F61E0-30C2-47F1-98F8-CF2D91AE1D08}.Release|Any CPU.ActiveCfg = Release|Any CPU
		{3E6F61E0-30C2-47F1-98F8-CF2D91AE1D08}.Release|Any CPU.Build.0 = Release|Any CPU
		{3E6F61E0-30C2-47F1-98F8-CF2D91AE1D08}.Release|x64.ActiveCfg = Release|Any CPU
		{3E6F61E0-30C2-47F1-98F8-CF2D91AE1D08}.Release|x64.Build.0 = Release|Any CPU
		{3E6F61E0-30C2-47F1-98F8-CF2D91AE1D08}.Release|x86.ActiveCfg = Release|Any CPU
		{3E6F61E0-30C2-47F1-98F8-CF2D91AE1D08}.Release|x86.Build.0 = Release|Any CPU
	EndGlobalSection
EndGlobal
